// !$*UTF8*$!
{
	archiveVersion = 1;
	classes = {
	};
	objectVersion = 56;
	objects = {

/* Begin PBXBuildFile section */
		2CE83FFF2D3F10335BCA67B3 /* Pods_cinetopiaTests.framework in Frameworks */ = {isa = PBXBuildFile; fileRef = EBD1CD4339AE0B8DDA521DDC /* Pods_cinetopiaTests.framework */; };
		399856C1721B386796218A3D /* Pods_cinetopia.framework in Frameworks */ = {isa = PBXBuildFile; fileRef = 06D352C40508FD9B22C2F129 /* Pods_cinetopia.framework */; };
		49193A202B91E2CB0081A734 /* FavoritesMoviesViewController.swift in Sources */ = {isa = PBXBuildFile; fileRef = 49193A1F2B91E2CB0081A734 /* FavoritesMoviesViewController.swift */; };
		49193A222B91E8EE0081A734 /* FavoriteMovieViewCell.swift in Sources */ = {isa = PBXBuildFile; fileRef = 49193A212B91E8EE0081A734 /* FavoriteMovieViewCell.swift */; };
		498CC6A52B8603FA004AED03 /* AppDelegate.swift in Sources */ = {isa = PBXBuildFile; fileRef = 498CC6A42B8603FA004AED03 /* AppDelegate.swift */; };
		498CC6A72B8603FA004AED03 /* SceneDelegate.swift in Sources */ = {isa = PBXBuildFile; fileRef = 498CC6A62B8603FA004AED03 /* SceneDelegate.swift */; };
		498CC6A92B8603FA004AED03 /* HomeViewController.swift in Sources */ = {isa = PBXBuildFile; fileRef = 498CC6A82B8603FA004AED03 /* HomeViewController.swift */; };
		498CC6AE2B8603FB004AED03 /* Assets.xcassets in Resources */ = {isa = PBXBuildFile; fileRef = 498CC6AD2B8603FB004AED03 /* Assets.xcassets */; };
		498CC6B12B8603FB004AED03 /* LaunchScreen.storyboard in Resources */ = {isa = PBXBuildFile; fileRef = 498CC6AF2B8603FB004AED03 /* LaunchScreen.storyboard */; };
		498CC6BC2B8603FB004AED03 /* cinetopiaTests.swift in Sources */ = {isa = PBXBuildFile; fileRef = 498CC6BB2B8603FB004AED03 /* cinetopiaTests.swift */; };
		498CC6C62B8603FB004AED03 /* cinetopiaUITests.swift in Sources */ = {isa = PBXBuildFile; fileRef = 498CC6C52B8603FB004AED03 /* cinetopiaUITests.swift */; };
		498CC6C82B8603FB004AED03 /* cinetopiaUITestsLaunchTests.swift in Sources */ = {isa = PBXBuildFile; fileRef = 498CC6C72B8603FB004AED03 /* cinetopiaUITestsLaunchTests.swift */; };
		4992A31E2B8A62960088E841 /* Movie.swift in Sources */ = {isa = PBXBuildFile; fileRef = 4992A31D2B8A62960088E841 /* Movie.swift */; };
		4992A3212B8A673B0088E841 /* MovieTableViewCell.swift in Sources */ = {isa = PBXBuildFile; fileRef = 4992A3202B8A673B0088E841 /* MovieTableViewCell.swift */; };
		4992A3252B8DEA5B0088E841 /* MovieDetailViewController.swift in Sources */ = {isa = PBXBuildFile; fileRef = 4992A3242B8DEA5B0088E841 /* MovieDetailViewController.swift */; };
		4992A3282B8F424E0088E841 /* MovieService.swift in Sources */ = {isa = PBXBuildFile; fileRef = 4992A3272B8F424E0088E841 /* MovieService.swift */; };
		49A087D82B88ECA300D5CF2C /* MoviesViewController.swift in Sources */ = {isa = PBXBuildFile; fileRef = 49A087D72B88ECA300D5CF2C /* MoviesViewController.swift */; };
		53B75C6E25FB9FA30EBAB5D4 /* Pods_cinetopia_cinetopiaUITests.framework in Frameworks */ = {isa = PBXBuildFile; fileRef = 3626A86EEE3671F8C3A95AA2 /* Pods_cinetopia_cinetopiaUITests.framework */; };
/* End PBXBuildFile section */

/* Begin PBXContainerItemProxy section */
		498CC6B82B8603FB004AED03 /* PBXContainerItemProxy */ = {
			isa = PBXContainerItemProxy;
			containerPortal = 498CC6992B8603FA004AED03 /* Project object */;
			proxyType = 1;
			remoteGlobalIDString = 498CC6A02B8603FA004AED03;
			remoteInfo = cinetopia;
		};
		498CC6C22B8603FB004AED03 /* PBXContainerItemProxy */ = {
			isa = PBXContainerItemProxy;
			containerPortal = 498CC6992B8603FA004AED03 /* Project object */;
			proxyType = 1;
			remoteGlobalIDString = 498CC6A02B8603FA004AED03;
			remoteInfo = cinetopia;
		};
/* End PBXContainerItemProxy section */

/* Begin PBXFileReference section */
		06D352C40508FD9B22C2F129 /* Pods_cinetopia.framework */ = {isa = PBXFileReference; explicitFileType = wrapper.framework; includeInIndex = 0; path = Pods_cinetopia.framework; sourceTree = BUILT_PRODUCTS_DIR; };
		3626A86EEE3671F8C3A95AA2 /* Pods_cinetopia_cinetopiaUITests.framework */ = {isa = PBXFileReference; explicitFileType = wrapper.framework; includeInIndex = 0; path = Pods_cinetopia_cinetopiaUITests.framework; sourceTree = BUILT_PRODUCTS_DIR; };
		3E6B3E000A4DD0AAB84E30C2 /* Pods-cinetopia.release.xcconfig */ = {isa = PBXFileReference; includeInIndex = 1; lastKnownFileType = text.xcconfig; name = "Pods-cinetopia.release.xcconfig"; path = "Target Support Files/Pods-cinetopia/Pods-cinetopia.release.xcconfig"; sourceTree = "<group>"; };
		49193A1F2B91E2CB0081A734 /* FavoritesMoviesViewController.swift */ = {isa = PBXFileReference; lastKnownFileType = sourcecode.swift; path = FavoritesMoviesViewController.swift; sourceTree = "<group>"; };
		49193A212B91E8EE0081A734 /* FavoriteMovieViewCell.swift */ = {isa = PBXFileReference; lastKnownFileType = sourcecode.swift; path = FavoriteMovieViewCell.swift; sourceTree = "<group>"; };
		498CC6A12B8603FA004AED03 /* cinetopia.app */ = {isa = PBXFileReference; explicitFileType = wrapper.application; includeInIndex = 0; path = cinetopia.app; sourceTree = BUILT_PRODUCTS_DIR; };
		498CC6A42B8603FA004AED03 /* AppDelegate.swift */ = {isa = PBXFileReference; lastKnownFileType = sourcecode.swift; path = AppDelegate.swift; sourceTree = "<group>"; };
		498CC6A62B8603FA004AED03 /* SceneDelegate.swift */ = {isa = PBXFileReference; lastKnownFileType = sourcecode.swift; path = SceneDelegate.swift; sourceTree = "<group>"; };
		498CC6A82B8603FA004AED03 /* HomeViewController.swift */ = {isa = PBXFileReference; lastKnownFileType = sourcecode.swift; path = HomeViewController.swift; sourceTree = "<group>"; };
		498CC6AD2B8603FB004AED03 /* Assets.xcassets */ = {isa = PBXFileReference; lastKnownFileType = folder.assetcatalog; path = Assets.xcassets; sourceTree = "<group>"; };
		498CC6B02B8603FB004AED03 /* Base */ = {isa = PBXFileReference; lastKnownFileType = file.storyboard; name = Base; path = Base.lproj/LaunchScreen.storyboard; sourceTree = "<group>"; };
		498CC6B22B8603FB004AED03 /* Info.plist */ = {isa = PBXFileReference; lastKnownFileType = text.plist.xml; path = Info.plist; sourceTree = "<group>"; };
		498CC6B72B8603FB004AED03 /* cinetopiaTests.xctest */ = {isa = PBXFileReference; explicitFileType = wrapper.cfbundle; includeInIndex = 0; path = cinetopiaTests.xctest; sourceTree = BUILT_PRODUCTS_DIR; };
		498CC6BB2B8603FB004AED03 /* cinetopiaTests.swift */ = {isa = PBXFileReference; lastKnownFileType = sourcecode.swift; path = cinetopiaTests.swift; sourceTree = "<group>"; };
		498CC6C12B8603FB004AED03 /* cinetopiaUITests.xctest */ = {isa = PBXFileReference; explicitFileType = wrapper.cfbundle; includeInIndex = 0; path = cinetopiaUITests.xctest; sourceTree = BUILT_PRODUCTS_DIR; };
		498CC6C52B8603FB004AED03 /* cinetopiaUITests.swift */ = {isa = PBXFileReference; lastKnownFileType = sourcecode.swift; path = cinetopiaUITests.swift; sourceTree = "<group>"; };
		498CC6C72B8603FB004AED03 /* cinetopiaUITestsLaunchTests.swift */ = {isa = PBXFileReference; lastKnownFileType = sourcecode.swift; path = cinetopiaUITestsLaunchTests.swift; sourceTree = "<group>"; };
		4992A31D2B8A62960088E841 /* Movie.swift */ = {isa = PBXFileReference; lastKnownFileType = sourcecode.swift; path = Movie.swift; sourceTree = "<group>"; };
		4992A3202B8A673B0088E841 /* MovieTableViewCell.swift */ = {isa = PBXFileReference; lastKnownFileType = sourcecode.swift; path = MovieTableViewCell.swift; sourceTree = "<group>"; };
		4992A3242B8DEA5B0088E841 /* MovieDetailViewController.swift */ = {isa = PBXFileReference; lastKnownFileType = sourcecode.swift; path = MovieDetailViewController.swift; sourceTree = "<group>"; };
		4992A3272B8F424E0088E841 /* MovieService.swift */ = {isa = PBXFileReference; lastKnownFileType = sourcecode.swift; path = MovieService.swift; sourceTree = "<group>"; };
		49A087D72B88ECA300D5CF2C /* MoviesViewController.swift */ = {isa = PBXFileReference; lastKnownFileType = sourcecode.swift; path = MoviesViewController.swift; sourceTree = "<group>"; };
		70886F145C5E43FA3E0CEAA5 /* Pods-cinetopia-cinetopiaUITests.release.xcconfig */ = {isa = PBXFileReference; includeInIndex = 1; lastKnownFileType = text.xcconfig; name = "Pods-cinetopia-cinetopiaUITests.release.xcconfig"; path = "Target Support Files/Pods-cinetopia-cinetopiaUITests/Pods-cinetopia-cinetopiaUITests.release.xcconfig"; sourceTree = "<group>"; };
		9D7F4F2B08103EE8930E165D /* Pods-cinetopiaTests.debug.xcconfig */ = {isa = PBXFileReference; includeInIndex = 1; lastKnownFileType = text.xcconfig; name = "Pods-cinetopiaTests.debug.xcconfig"; path = "Target Support Files/Pods-cinetopiaTests/Pods-cinetopiaTests.debug.xcconfig"; sourceTree = "<group>"; };
		A1F533AE8CEAE3147B51F1A0 /* Pods-cinetopiaTests.release.xcconfig */ = {isa = PBXFileReference; includeInIndex = 1; lastKnownFileType = text.xcconfig; name = "Pods-cinetopiaTests.release.xcconfig"; path = "Target Support Files/Pods-cinetopiaTests/Pods-cinetopiaTests.release.xcconfig"; sourceTree = "<group>"; };
		B71839E030DD0661631BB347 /* Pods-cinetopia.debug.xcconfig */ = {isa = PBXFileReference; includeInIndex = 1; lastKnownFileType = text.xcconfig; name = "Pods-cinetopia.debug.xcconfig"; path = "Target Support Files/Pods-cinetopia/Pods-cinetopia.debug.xcconfig"; sourceTree = "<group>"; };
		D9BF393865B6DA0E06B85052 /* Pods-cinetopia-cinetopiaUITests.debug.xcconfig */ = {isa = PBXFileReference; includeInIndex = 1; lastKnownFileType = text.xcconfig; name = "Pods-cinetopia-cinetopiaUITests.debug.xcconfig"; path = "Target Support Files/Pods-cinetopia-cinetopiaUITests/Pods-cinetopia-cinetopiaUITests.debug.xcconfig"; sourceTree = "<group>"; };
		EBD1CD4339AE0B8DDA521DDC /* Pods_cinetopiaTests.framework */ = {isa = PBXFileReference; explicitFileType = wrapper.framework; includeInIndex = 0; path = Pods_cinetopiaTests.framework; sourceTree = BUILT_PRODUCTS_DIR; };
/* End PBXFileReference section */

/* Begin PBXFrameworksBuildPhase section */
		498CC69E2B8603FA004AED03 /* Frameworks */ = {
			isa = PBXFrameworksBuildPhase;
			buildActionMask = 2147483647;
			files = (
				399856C1721B386796218A3D /* Pods_cinetopia.framework in Frameworks */,
			);
			runOnlyForDeploymentPostprocessing = 0;
		};
		498CC6B42B8603FB004AED03 /* Frameworks */ = {
			isa = PBXFrameworksBuildPhase;
			buildActionMask = 2147483647;
			files = (
				2CE83FFF2D3F10335BCA67B3 /* Pods_cinetopiaTests.framework in Frameworks */,
			);
			runOnlyForDeploymentPostprocessing = 0;
		};
		498CC6BE2B8603FB004AED03 /* Frameworks */ = {
			isa = PBXFrameworksBuildPhase;
			buildActionMask = 2147483647;
			files = (
				53B75C6E25FB9FA30EBAB5D4 /* Pods_cinetopia_cinetopiaUITests.framework in Frameworks */,
			);
			runOnlyForDeploymentPostprocessing = 0;
		};
/* End PBXFrameworksBuildPhase section */

/* Begin PBXGroup section */
		0E34470E5EF8B448C75A6B7C /* Frameworks */ = {
			isa = PBXGroup;
			children = (
				06D352C40508FD9B22C2F129 /* Pods_cinetopia.framework */,
				3626A86EEE3671F8C3A95AA2 /* Pods_cinetopia_cinetopiaUITests.framework */,
				EBD1CD4339AE0B8DDA521DDC /* Pods_cinetopiaTests.framework */,
			);
			name = Frameworks;
			sourceTree = "<group>";
		};
		498CC6982B8603FA004AED03 = {
			isa = PBXGroup;
			children = (
				498CC6A32B8603FA004AED03 /* cinetopia */,
				498CC6BA2B8603FB004AED03 /* cinetopiaTests */,
				498CC6C42B8603FB004AED03 /* cinetopiaUITests */,
				498CC6A22B8603FA004AED03 /* Products */,
				7B74D880CCF3C6360BC3F06B /* Pods */,
				0E34470E5EF8B448C75A6B7C /* Frameworks */,
			);
			sourceTree = "<group>";
		};
		498CC6A22B8603FA004AED03 /* Products */ = {
			isa = PBXGroup;
			children = (
				498CC6A12B8603FA004AED03 /* cinetopia.app */,
				498CC6B72B8603FB004AED03 /* cinetopiaTests.xctest */,
				498CC6C12B8603FB004AED03 /* cinetopiaUITests.xctest */,
			);
			name = Products;
			sourceTree = "<group>";
		};
		498CC6A32B8603FA004AED03 /* cinetopia */ = {
			isa = PBXGroup;
			children = (
				4992A3262B8F422D0088E841 /* Services */,
				4992A31F2B8A67040088E841 /* Cells */,
				4992A31C2B8A62550088E841 /* VViewControllers */,
				4992A31B2B8A62410088E841 /* Models */,
				498CC6A42B8603FA004AED03 /* AppDelegate.swift */,
				498CC6A62B8603FA004AED03 /* SceneDelegate.swift */,
				498CC6AD2B8603FB004AED03 /* Assets.xcassets */,
				498CC6AF2B8603FB004AED03 /* LaunchScreen.storyboard */,
				498CC6B22B8603FB004AED03 /* Info.plist */,
			);
			path = cinetopia;
			sourceTree = "<group>";
		};
		498CC6BA2B8603FB004AED03 /* cinetopiaTests */ = {
			isa = PBXGroup;
			children = (
				498CC6BB2B8603FB004AED03 /* cinetopiaTests.swift */,
			);
			path = cinetopiaTests;
			sourceTree = "<group>";
		};
		498CC6C42B8603FB004AED03 /* cinetopiaUITests */ = {
			isa = PBXGroup;
			children = (
				498CC6C52B8603FB004AED03 /* cinetopiaUITests.swift */,
				498CC6C72B8603FB004AED03 /* cinetopiaUITestsLaunchTests.swift */,
			);
			path = cinetopiaUITests;
			sourceTree = "<group>";
		};
		4992A31B2B8A62410088E841 /* Models */ = {
			isa = PBXGroup;
			children = (
				4992A31D2B8A62960088E841 /* Movie.swift */,
			);
			path = Models;
			sourceTree = "<group>";
		};
		4992A31C2B8A62550088E841 /* VViewControllers */ = {
			isa = PBXGroup;
			children = (
				498CC6A82B8603FA004AED03 /* HomeViewController.swift */,
				49A087D72B88ECA300D5CF2C /* MoviesViewController.swift */,
				4992A3242B8DEA5B0088E841 /* MovieDetailViewController.swift */,
				49193A1F2B91E2CB0081A734 /* FavoritesMoviesViewController.swift */,
			);
			path = VViewControllers;
			sourceTree = "<group>";
		};
		4992A31F2B8A67040088E841 /* Cells */ = {
			isa = PBXGroup;
			children = (
				4992A3202B8A673B0088E841 /* MovieTableViewCell.swift */,
				49193A212B91E8EE0081A734 /* FavoriteMovieViewCell.swift */,
			);
			path = Cells;
			sourceTree = "<group>";
		};
		4992A3262B8F422D0088E841 /* Services */ = {
			isa = PBXGroup;
			children = (
				4992A3272B8F424E0088E841 /* MovieService.swift */,
			);
			path = Services;
			sourceTree = "<group>";
		};
		7B74D880CCF3C6360BC3F06B /* Pods */ = {
			isa = PBXGroup;
			children = (
				B71839E030DD0661631BB347 /* Pods-cinetopia.debug.xcconfig */,
				3E6B3E000A4DD0AAB84E30C2 /* Pods-cinetopia.release.xcconfig */,
				D9BF393865B6DA0E06B85052 /* Pods-cinetopia-cinetopiaUITests.debug.xcconfig */,
				70886F145C5E43FA3E0CEAA5 /* Pods-cinetopia-cinetopiaUITests.release.xcconfig */,
				9D7F4F2B08103EE8930E165D /* Pods-cinetopiaTests.debug.xcconfig */,
				A1F533AE8CEAE3147B51F1A0 /* Pods-cinetopiaTests.release.xcconfig */,
			);
			path = Pods;
			sourceTree = "<group>";
		};
/* End PBXGroup section */

/* Begin PBXNativeTarget section */
		498CC6A02B8603FA004AED03 /* cinetopia */ = {
			isa = PBXNativeTarget;
			buildConfigurationList = 498CC6CB2B8603FB004AED03 /* Build configuration list for PBXNativeTarget "cinetopia" */;
			buildPhases = (
				561B5F4D5F599F541AF52128 /* [CP] Check Pods Manifest.lock */,
				498CC69D2B8603FA004AED03 /* Sources */,
				498CC69E2B8603FA004AED03 /* Frameworks */,
				498CC69F2B8603FA004AED03 /* Resources */,
				58C880A3638C50D6A6D57B8B /* [CP] Embed Pods Frameworks */,
			);
			buildRules = (
			);
			dependencies = (
			);
			name = cinetopia;
			productName = cinetopia;
			productReference = 498CC6A12B8603FA004AED03 /* cinetopia.app */;
			productType = "com.apple.product-type.application";
		};
		498CC6B62B8603FB004AED03 /* cinetopiaTests */ = {
			isa = PBXNativeTarget;
			buildConfigurationList = 498CC6CE2B8603FB004AED03 /* Build configuration list for PBXNativeTarget "cinetopiaTests" */;
			buildPhases = (
				1FD01259ED412A9703B4B9C9 /* [CP] Check Pods Manifest.lock */,
				498CC6B32B8603FB004AED03 /* Sources */,
				498CC6B42B8603FB004AED03 /* Frameworks */,
				498CC6B52B8603FB004AED03 /* Resources */,
			);
			buildRules = (
			);
			dependencies = (
				498CC6B92B8603FB004AED03 /* PBXTargetDependency */,
			);
			name = cinetopiaTests;
			productName = cinetopiaTests;
			productReference = 498CC6B72B8603FB004AED03 /* cinetopiaTests.xctest */;
			productType = "com.apple.product-type.bundle.unit-test";
		};
		498CC6C02B8603FB004AED03 /* cinetopiaUITests */ = {
			isa = PBXNativeTarget;
			buildConfigurationList = 498CC6D12B8603FB004AED03 /* Build configuration list for PBXNativeTarget "cinetopiaUITests" */;
			buildPhases = (
				C2820B521515E6CC38C30D0A /* [CP] Check Pods Manifest.lock */,
				498CC6BD2B8603FB004AED03 /* Sources */,
				498CC6BE2B8603FB004AED03 /* Frameworks */,
				498CC6BF2B8603FB004AED03 /* Resources */,
				94E3DF69F37F67F100F48536 /* [CP] Embed Pods Frameworks */,
			);
			buildRules = (
			);
			dependencies = (
				498CC6C32B8603FB004AED03 /* PBXTargetDependency */,
			);
			name = cinetopiaUITests;
			productName = cinetopiaUITests;
			productReference = 498CC6C12B8603FB004AED03 /* cinetopiaUITests.xctest */;
			productType = "com.apple.product-type.bundle.ui-testing";
		};
/* End PBXNativeTarget section */

/* Begin PBXProject section */
		498CC6992B8603FA004AED03 /* Project object */ = {
			isa = PBXProject;
			attributes = {
				BuildIndependentTargetsInParallel = 1;
				LastSwiftUpdateCheck = 1520;
				LastUpgradeCheck = 1520;
				TargetAttributes = {
					498CC6A02B8603FA004AED03 = {
						CreatedOnToolsVersion = 15.2;
					};
					498CC6B62B8603FB004AED03 = {
						CreatedOnToolsVersion = 15.2;
						TestTargetID = 498CC6A02B8603FA004AED03;
					};
					498CC6C02B8603FB004AED03 = {
						CreatedOnToolsVersion = 15.2;
						TestTargetID = 498CC6A02B8603FA004AED03;
					};
				};
			};
			buildConfigurationList = 498CC69C2B8603FA004AED03 /* Build configuration list for PBXProject "cinetopia" */;
			compatibilityVersion = "Xcode 14.0";
			developmentRegion = en;
			hasScannedForEncodings = 0;
			knownRegions = (
				en,
				Base,
			);
			mainGroup = 498CC6982B8603FA004AED03;
			productRefGroup = 498CC6A22B8603FA004AED03 /* Products */;
			projectDirPath = "";
			projectRoot = "";
			targets = (
				498CC6A02B8603FA004AED03 /* cinetopia */,
				498CC6B62B8603FB004AED03 /* cinetopiaTests */,
				498CC6C02B8603FB004AED03 /* cinetopiaUITests */,
			);
		};
/* End PBXProject section */

/* Begin PBXResourcesBuildPhase section */
		498CC69F2B8603FA004AED03 /* Resources */ = {
			isa = PBXResourcesBuildPhase;
			buildActionMask = 2147483647;
			files = (
				498CC6B12B8603FB004AED03 /* LaunchScreen.storyboard in Resources */,
				498CC6AE2B8603FB004AED03 /* Assets.xcassets in Resources */,
			);
			runOnlyForDeploymentPostprocessing = 0;
		};
		498CC6B52B8603FB004AED03 /* Resources */ = {
			isa = PBXResourcesBuildPhase;
			buildActionMask = 2147483647;
			files = (
			);
			runOnlyForDeploymentPostprocessing = 0;
		};
		498CC6BF2B8603FB004AED03 /* Resources */ = {
			isa = PBXResourcesBuildPhase;
			buildActionMask = 2147483647;
			files = (
			);
			runOnlyForDeploymentPostprocessing = 0;
		};
/* End PBXResourcesBuildPhase section */

/* Begin PBXShellScriptBuildPhase section */
		1FD01259ED412A9703B4B9C9 /* [CP] Check Pods Manifest.lock */ = {
			isa = PBXShellScriptBuildPhase;
			buildActionMask = 2147483647;
			files = (
			);
			inputFileListPaths = (
			);
			inputPaths = (
				"${PODS_PODFILE_DIR_PATH}/Podfile.lock",
				"${PODS_ROOT}/Manifest.lock",
			);
			name = "[CP] Check Pods Manifest.lock";
			outputFileListPaths = (
			);
			outputPaths = (
				"$(DERIVED_FILE_DIR)/Pods-cinetopiaTests-checkManifestLockResult.txt",
			);
			runOnlyForDeploymentPostprocessing = 0;
			shellPath = /bin/sh;
			shellScript = "diff \"${PODS_PODFILE_DIR_PATH}/Podfile.lock\" \"${PODS_ROOT}/Manifest.lock\" > /dev/null\nif [ $? != 0 ] ; then\n    # print error to STDERR\n    echo \"error: The sandbox is not in sync with the Podfile.lock. Run 'pod install' or update your CocoaPods installation.\" >&2\n    exit 1\nfi\n# This output is used by Xcode 'outputs' to avoid re-running this script phase.\necho \"SUCCESS\" > \"${SCRIPT_OUTPUT_FILE_0}\"\n";
			showEnvVarsInLog = 0;
		};
		561B5F4D5F599F541AF52128 /* [CP] Check Pods Manifest.lock */ = {
			isa = PBXShellScriptBuildPhase;
			buildActionMask = 2147483647;
			files = (
			);
			inputFileListPaths = (
			);
			inputPaths = (
				"${PODS_PODFILE_DIR_PATH}/Podfile.lock",
				"${PODS_ROOT}/Manifest.lock",
			);
			name = "[CP] Check Pods Manifest.lock";
			outputFileListPaths = (
			);
			outputPaths = (
				"$(DERIVED_FILE_DIR)/Pods-cinetopia-checkManifestLockResult.txt",
			);
			runOnlyForDeploymentPostprocessing = 0;
			shellPath = /bin/sh;
			shellScript = "diff \"${PODS_PODFILE_DIR_PATH}/Podfile.lock\" \"${PODS_ROOT}/Manifest.lock\" > /dev/null\nif [ $? != 0 ] ; then\n    # print error to STDERR\n    echo \"error: The sandbox is not in sync with the Podfile.lock. Run 'pod install' or update your CocoaPods installation.\" >&2\n    exit 1\nfi\n# This output is used by Xcode 'outputs' to avoid re-running this script phase.\necho \"SUCCESS\" > \"${SCRIPT_OUTPUT_FILE_0}\"\n";
			showEnvVarsInLog = 0;
		};
		58C880A3638C50D6A6D57B8B /* [CP] Embed Pods Frameworks */ = {
			isa = PBXShellScriptBuildPhase;
			buildActionMask = 2147483647;
			files = (
			);
			inputFileListPaths = (
				"${PODS_ROOT}/Target Support Files/Pods-cinetopia/Pods-cinetopia-frameworks-${CONFIGURATION}-input-files.xcfilelist",
			);
			name = "[CP] Embed Pods Frameworks";
			outputFileListPaths = (
				"${PODS_ROOT}/Target Support Files/Pods-cinetopia/Pods-cinetopia-frameworks-${CONFIGURATION}-output-files.xcfilelist",
			);
			runOnlyForDeploymentPostprocessing = 0;
			shellPath = /bin/sh;
			shellScript = "\"${PODS_ROOT}/Target Support Files/Pods-cinetopia/Pods-cinetopia-frameworks.sh\"\n";
			showEnvVarsInLog = 0;
		};
		94E3DF69F37F67F100F48536 /* [CP] Embed Pods Frameworks */ = {
			isa = PBXShellScriptBuildPhase;
			buildActionMask = 2147483647;
			files = (
			);
			inputFileListPaths = (
				"${PODS_ROOT}/Target Support Files/Pods-cinetopia-cinetopiaUITests/Pods-cinetopia-cinetopiaUITests-frameworks-${CONFIGURATION}-input-files.xcfilelist",
			);
			name = "[CP] Embed Pods Frameworks";
			outputFileListPaths = (
				"${PODS_ROOT}/Target Support Files/Pods-cinetopia-cinetopiaUITests/Pods-cinetopia-cinetopiaUITests-frameworks-${CONFIGURATION}-output-files.xcfilelist",
			);
			runOnlyForDeploymentPostprocessing = 0;
			shellPath = /bin/sh;
			shellScript = "\"${PODS_ROOT}/Target Support Files/Pods-cinetopia-cinetopiaUITests/Pods-cinetopia-cinetopiaUITests-frameworks.sh\"\n";
			showEnvVarsInLog = 0;
		};
		C2820B521515E6CC38C30D0A /* [CP] Check Pods Manifest.lock */ = {
			isa = PBXShellScriptBuildPhase;
			buildActionMask = 2147483647;
			files = (
			);
			inputFileListPaths = (
			);
			inputPaths = (
				"${PODS_PODFILE_DIR_PATH}/Podfile.lock",
				"${PODS_ROOT}/Manifest.lock",
			);
			name = "[CP] Check Pods Manifest.lock";
			outputFileListPaths = (
			);
			outputPaths = (
				"$(DERIVED_FILE_DIR)/Pods-cinetopia-cinetopiaUITests-checkManifestLockResult.txt",
			);
			runOnlyForDeploymentPostprocessing = 0;
			shellPath = /bin/sh;
			shellScript = "diff \"${PODS_PODFILE_DIR_PATH}/Podfile.lock\" \"${PODS_ROOT}/Manifest.lock\" > /dev/null\nif [ $? != 0 ] ; then\n    # print error to STDERR\n    echo \"error: The sandbox is not in sync with the Podfile.lock. Run 'pod install' or update your CocoaPods installation.\" >&2\n    exit 1\nfi\n# This output is used by Xcode 'outputs' to avoid re-running this script phase.\necho \"SUCCESS\" > \"${SCRIPT_OUTPUT_FILE_0}\"\n";
			showEnvVarsInLog = 0;
		};
/* End PBXShellScriptBuildPhase section */

/* Begin PBXSourcesBuildPhase section */
		498CC69D2B8603FA004AED03 /* Sources */ = {
			isa = PBXSourcesBuildPhase;
			buildActionMask = 2147483647;
			files = (
				498CC6A92B8603FA004AED03 /* HomeViewController.swift in Sources */,
				49193A222B91E8EE0081A734 /* FavoriteMovieViewCell.swift in Sources */,
				498CC6A52B8603FA004AED03 /* AppDelegate.swift in Sources */,
				4992A3212B8A673B0088E841 /* MovieTableViewCell.swift in Sources */,
				498CC6A72B8603FA004AED03 /* SceneDelegate.swift in Sources */,
				4992A3252B8DEA5B0088E841 /* MovieDetailViewController.swift in Sources */,
				49A087D82B88ECA300D5CF2C /* MoviesViewController.swift in Sources */,
				4992A3282B8F424E0088E841 /* MovieService.swift in Sources */,
				49193A202B91E2CB0081A734 /* FavoritesMoviesViewController.swift in Sources */,
				4992A31E2B8A62960088E841 /* Movie.swift in Sources */,
			);
			runOnlyForDeploymentPostprocessing = 0;
		};
		498CC6B32B8603FB004AED03 /* Sources */ = {
			isa = PBXSourcesBuildPhase;
			buildActionMask = 2147483647;
			files = (
				498CC6BC2B8603FB004AED03 /* cinetopiaTests.swift in Sources */,
			);
			runOnlyForDeploymentPostprocessing = 0;
		};
		498CC6BD2B8603FB004AED03 /* Sources */ = {
			isa = PBXSourcesBuildPhase;
			buildActionMask = 2147483647;
			files = (
				498CC6C62B8603FB004AED03 /* cinetopiaUITests.swift in Sources */,
				498CC6C82B8603FB004AED03 /* cinetopiaUITestsLaunchTests.swift in Sources */,
			);
			runOnlyForDeploymentPostprocessing = 0;
		};
/* End PBXSourcesBuildPhase section */

/* Begin PBXTargetDependency section */
		498CC6B92B8603FB004AED03 /* PBXTargetDependency */ = {
			isa = PBXTargetDependency;
			target = 498CC6A02B8603FA004AED03 /* cinetopia */;
			targetProxy = 498CC6B82B8603FB004AED03 /* PBXContainerItemProxy */;
		};
		498CC6C32B8603FB004AED03 /* PBXTargetDependency */ = {
			isa = PBXTargetDependency;
			target = 498CC6A02B8603FA004AED03 /* cinetopia */;
			targetProxy = 498CC6C22B8603FB004AED03 /* PBXContainerItemProxy */;
		};
/* End PBXTargetDependency section */

/* Begin PBXVariantGroup section */
		498CC6AF2B8603FB004AED03 /* LaunchScreen.storyboard */ = {
			isa = PBXVariantGroup;
			children = (
				498CC6B02B8603FB004AED03 /* Base */,
			);
			name = LaunchScreen.storyboard;
			sourceTree = "<group>";
		};
/* End PBXVariantGroup section */

/* Begin XCBuildConfiguration section */
		498CC6C92B8603FB004AED03 /* Debug */ = {
			isa = XCBuildConfiguration;
			buildSettings = {
				ALWAYS_SEARCH_USER_PATHS = NO;
				ASSETCATALOG_COMPILER_GENERATE_SWIFT_ASSET_SYMBOL_EXTENSIONS = YES;
				CLANG_ANALYZER_NONNULL = YES;
				CLANG_ANALYZER_NUMBER_OBJECT_CONVERSION = YES_AGGRESSIVE;
				CLANG_CXX_LANGUAGE_STANDARD = "gnu++20";
				CLANG_ENABLE_MODULES = YES;
				CLANG_ENABLE_OBJC_ARC = YES;
				CLANG_ENABLE_OBJC_WEAK = YES;
				CLANG_WARN_BLOCK_CAPTURE_AUTORELEASING = YES;
				CLANG_WARN_BOOL_CONVERSION = YES;
				CLANG_WARN_COMMA = YES;
				CLANG_WARN_CONSTANT_CONVERSION = YES;
				CLANG_WARN_DEPRECATED_OBJC_IMPLEMENTATIONS = YES;
				CLANG_WARN_DIRECT_OBJC_ISA_USAGE = YES_ERROR;
				CLANG_WARN_DOCUMENTATION_COMMENTS = YES;
				CLANG_WARN_EMPTY_BODY = YES;
				CLANG_WARN_ENUM_CONVERSION = YES;
				CLANG_WARN_INFINITE_RECURSION = YES;
				CLANG_WARN_INT_CONVERSION = YES;
				CLANG_WARN_NON_LITERAL_NULL_CONVERSION = YES;
				CLANG_WARN_OBJC_IMPLICIT_RETAIN_SELF = YES;
				CLANG_WARN_OBJC_LITERAL_CONVERSION = YES;
				CLANG_WARN_OBJC_ROOT_CLASS = YES_ERROR;
				CLANG_WARN_QUOTED_INCLUDE_IN_FRAMEWORK_HEADER = YES;
				CLANG_WARN_RANGE_LOOP_ANALYSIS = YES;
				CLANG_WARN_STRICT_PROTOTYPES = YES;
				CLANG_WARN_SUSPICIOUS_MOVE = YES;
				CLANG_WARN_UNGUARDED_AVAILABILITY = YES_AGGRESSIVE;
				CLANG_WARN_UNREACHABLE_CODE = YES;
				CLANG_WARN__DUPLICATE_METHOD_MATCH = YES;
				COPY_PHASE_STRIP = NO;
				DEBUG_INFORMATION_FORMAT = dwarf;
				ENABLE_STRICT_OBJC_MSGSEND = YES;
				ENABLE_TESTABILITY = YES;
				ENABLE_USER_SCRIPT_SANDBOXING = YES;
				GCC_C_LANGUAGE_STANDARD = gnu17;
				GCC_DYNAMIC_NO_PIC = NO;
				GCC_NO_COMMON_BLOCKS = YES;
				GCC_OPTIMIZATION_LEVEL = 0;
				GCC_PREPROCESSOR_DEFINITIONS = (
					"DEBUG=1",
					"$(inherited)",
				);
				GCC_WARN_64_TO_32_BIT_CONVERSION = YES;
				GCC_WARN_ABOUT_RETURN_TYPE = YES_ERROR;
				GCC_WARN_UNDECLARED_SELECTOR = YES;
				GCC_WARN_UNINITIALIZED_AUTOS = YES_AGGRESSIVE;
				GCC_WARN_UNUSED_FUNCTION = YES;
				GCC_WARN_UNUSED_VARIABLE = YES;
				IPHONEOS_DEPLOYMENT_TARGET = 17.2;
				LOCALIZATION_PREFERS_STRING_CATALOGS = YES;
				MTL_ENABLE_DEBUG_INFO = INCLUDE_SOURCE;
				MTL_FAST_MATH = YES;
				ONLY_ACTIVE_ARCH = YES;
				SDKROOT = iphoneos;
				SWIFT_ACTIVE_COMPILATION_CONDITIONS = "DEBUG $(inherited)";
				SWIFT_OPTIMIZATION_LEVEL = "-Onone";
			};
			name = Debug;
		};
		498CC6CA2B8603FB004AED03 /* Release */ = {
			isa = XCBuildConfiguration;
			buildSettings = {
				ALWAYS_SEARCH_USER_PATHS = NO;
				ASSETCATALOG_COMPILER_GENERATE_SWIFT_ASSET_SYMBOL_EXTENSIONS = YES;
				CLANG_ANALYZER_NONNULL = YES;
				CLANG_ANALYZER_NUMBER_OBJECT_CONVERSION = YES_AGGRESSIVE;
				CLANG_CXX_LANGUAGE_STANDARD = "gnu++20";
				CLANG_ENABLE_MODULES = YES;
				CLANG_ENABLE_OBJC_ARC = YES;
				CLANG_ENABLE_OBJC_WEAK = YES;
				CLANG_WARN_BLOCK_CAPTURE_AUTORELEASING = YES;
				CLANG_WARN_BOOL_CONVERSION = YES;
				CLANG_WARN_COMMA = YES;
				CLANG_WARN_CONSTANT_CONVERSION = YES;
				CLANG_WARN_DEPRECATED_OBJC_IMPLEMENTATIONS = YES;
				CLANG_WARN_DIRECT_OBJC_ISA_USAGE = YES_ERROR;
				CLANG_WARN_DOCUMENTATION_COMMENTS = YES;
				CLANG_WARN_EMPTY_BODY = YES;
				CLANG_WARN_ENUM_CONVERSION = YES;
				CLANG_WARN_INFINITE_RECURSION = YES;
				CLANG_WARN_INT_CONVERSION = YES;
				CLANG_WARN_NON_LITERAL_NULL_CONVERSION = YES;
				CLANG_WARN_OBJC_IMPLICIT_RETAIN_SELF = YES;
				CLANG_WARN_OBJC_LITERAL_CONVERSION = YES;
				CLANG_WARN_OBJC_ROOT_CLASS = YES_ERROR;
				CLANG_WARN_QUOTED_INCLUDE_IN_FRAMEWORK_HEADER = YES;
				CLANG_WARN_RANGE_LOOP_ANALYSIS = YES;
				CLANG_WARN_STRICT_PROTOTYPES = YES;
				CLANG_WARN_SUSPICIOUS_MOVE = YES;
				CLANG_WARN_UNGUARDED_AVAILABILITY = YES_AGGRESSIVE;
				CLANG_WARN_UNREACHABLE_CODE = YES;
				CLANG_WARN__DUPLICATE_METHOD_MATCH = YES;
				COPY_PHASE_STRIP = NO;
				DEBUG_INFORMATION_FORMAT = "dwarf-with-dsym";
				ENABLE_NS_ASSERTIONS = NO;
				ENABLE_STRICT_OBJC_MSGSEND = YES;
				ENABLE_USER_SCRIPT_SANDBOXING = YES;
				GCC_C_LANGUAGE_STANDARD = gnu17;
				GCC_NO_COMMON_BLOCKS = YES;
				GCC_WARN_64_TO_32_BIT_CONVERSION = YES;
				GCC_WARN_ABOUT_RETURN_TYPE = YES_ERROR;
				GCC_WARN_UNDECLARED_SELECTOR = YES;
				GCC_WARN_UNINITIALIZED_AUTOS = YES_AGGRESSIVE;
				GCC_WARN_UNUSED_FUNCTION = YES;
				GCC_WARN_UNUSED_VARIABLE = YES;
				IPHONEOS_DEPLOYMENT_TARGET = 17.2;
				LOCALIZATION_PREFERS_STRING_CATALOGS = YES;
				MTL_ENABLE_DEBUG_INFO = NO;
				MTL_FAST_MATH = YES;
				SDKROOT = iphoneos;
				SWIFT_COMPILATION_MODE = wholemodule;
				VALIDATE_PRODUCT = YES;
			};
			name = Release;
		};
		498CC6CC2B8603FB004AED03 /* Debug */ = {
			isa = XCBuildConfiguration;
			baseConfigurationReference = B71839E030DD0661631BB347 /* Pods-cinetopia.debug.xcconfig */;
			buildSettings = {
				ASSETCATALOG_COMPILER_APPICON_NAME = AppIcon;
				ASSETCATALOG_COMPILER_GLOBAL_ACCENT_COLOR_NAME = AccentColor;
				CODE_SIGN_STYLE = Automatic;
				CURRENT_PROJECT_VERSION = 1;
				ENABLE_USER_SCRIPT_SANDBOXING = NO;
				GENERATE_INFOPLIST_FILE = YES;
				INFOPLIST_FILE = cinetopia/Info.plist;
				INFOPLIST_KEY_UIApplicationSupportsIndirectInputEvents = YES;
				INFOPLIST_KEY_UILaunchStoryboardName = LaunchScreen;
				INFOPLIST_KEY_UISupportedInterfaceOrientations_iPad = "UIInterfaceOrientationPortrait UIInterfaceOrientationPortraitUpsideDown UIInterfaceOrientationLandscapeLeft UIInterfaceOrientationLandscapeRight";
				INFOPLIST_KEY_UISupportedInterfaceOrientations_iPhone = "UIInterfaceOrientationPortrait UIInterfaceOrientationLandscapeLeft UIInterfaceOrientationLandscapeRight";
				IPHONEOS_DEPLOYMENT_TARGET = 17.0;
				LD_RUNPATH_SEARCH_PATHS = (
					"$(inherited)",
					"@executable_path/Frameworks",
				);
				MARKETING_VERSION = 1.0;
				PRODUCT_BUNDLE_IDENTIFIER = br.com.luizgadao.cinetopia;
				PRODUCT_NAME = "$(TARGET_NAME)";
				SUPPORTED_PLATFORMS = "iphoneos iphonesimulator";
				SUPPORTS_MACCATALYST = NO;
				SUPPORTS_MAC_DESIGNED_FOR_IPHONE_IPAD = NO;
				SUPPORTS_XR_DESIGNED_FOR_IPHONE_IPAD = NO;
				SWIFT_EMIT_LOC_STRINGS = YES;
				SWIFT_VERSION = 5.0;
				TARGETED_DEVICE_FAMILY = "1,2";
			};
			name = Debug;
		};
		498CC6CD2B8603FB004AED03 /* Release */ = {
			isa = XCBuildConfiguration;
			baseConfigurationReference = 3E6B3E000A4DD0AAB84E30C2 /* Pods-cinetopia.release.xcconfig */;
			buildSettings = {
				ASSETCATALOG_COMPILER_APPICON_NAME = AppIcon;
				ASSETCATALOG_COMPILER_GLOBAL_ACCENT_COLOR_NAME = AccentColor;
				CODE_SIGN_STYLE = Automatic;
				CURRENT_PROJECT_VERSION = 1;
				ENABLE_USER_SCRIPT_SANDBOXING = NO;
				GENERATE_INFOPLIST_FILE = YES;
				INFOPLIST_FILE = cinetopia/Info.plist;
				INFOPLIST_KEY_UIApplicationSupportsIndirectInputEvents = YES;
				INFOPLIST_KEY_UILaunchStoryboardName = LaunchScreen;
				INFOPLIST_KEY_UISupportedInterfaceOrientations_iPad = "UIInterfaceOrientationPortrait UIInterfaceOrientationPortraitUpsideDown UIInterfaceOrientationLandscapeLeft UIInterfaceOrientationLandscapeRight";
				INFOPLIST_KEY_UISupportedInterfaceOrientations_iPhone = "UIInterfaceOrientationPortrait UIInterfaceOrientationLandscapeLeft UIInterfaceOrientationLandscapeRight";
				IPHONEOS_DEPLOYMENT_TARGET = 17.0;
				LD_RUNPATH_SEARCH_PATHS = (
					"$(inherited)",
					"@executable_path/Frameworks",
				);
				MARKETING_VERSION = 1.0;
				PRODUCT_BUNDLE_IDENTIFIER = br.com.luizgadao.cinetopia;
				PRODUCT_NAME = "$(TARGET_NAME)";
				SUPPORTED_PLATFORMS = "iphoneos iphonesimulator";
				SUPPORTS_MACCATALYST = NO;
				SUPPORTS_MAC_DESIGNED_FOR_IPHONE_IPAD = NO;
				SUPPORTS_XR_DESIGNED_FOR_IPHONE_IPAD = NO;
				SWIFT_EMIT_LOC_STRINGS = YES;
				SWIFT_VERSION = 5.0;
				TARGETED_DEVICE_FAMILY = "1,2";
			};
			name = Release;
		};
		498CC6CF2B8603FB004AED03 /* Debug */ = {
			isa = XCBuildConfiguration;
			baseConfigurationReference = 9D7F4F2B08103EE8930E165D /* Pods-cinetopiaTests.debug.xcconfig */;
			buildSettings = {
				ALWAYS_EMBED_SWIFT_STANDARD_LIBRARIES = YES;
				BUNDLE_LOADER = "$(TEST_HOST)";
				CODE_SIGN_STYLE = Automatic;
				CURRENT_PROJECT_VERSION = 1;
				GENERATE_INFOPLIST_FILE = YES;
				IPHONEOS_DEPLOYMENT_TARGET = 17.2;
				MARKETING_VERSION = 1.0;
				PRODUCT_BUNDLE_IDENTIFIER = br.com.luizgadao.cinetopiaTests;
				PRODUCT_NAME = "$(TARGET_NAME)";
				SWIFT_EMIT_LOC_STRINGS = NO;
				SWIFT_VERSION = 5.0;
				TARGETED_DEVICE_FAMILY = "1,2";
				TEST_HOST = "$(BUILT_PRODUCTS_DIR)/cinetopia.app/$(BUNDLE_EXECUTABLE_FOLDER_PATH)/cinetopia";
			};
			name = Debug;
		};
		498CC6D02B8603FB004AED03 /* Release */ = {
			isa = XCBuildConfiguration;
			baseConfigurationReference = A1F533AE8CEAE3147B51F1A0 /* Pods-cinetopiaTests.release.xcconfig */;
			buildSettings = {
				ALWAYS_EMBED_SWIFT_STANDARD_LIBRARIES = YES;
				BUNDLE_LOADER = "$(TEST_HOST)";
				CODE_SIGN_STYLE = Automatic;
				CURRENT_PROJECT_VERSION = 1;
				GENERATE_INFOPLIST_FILE = YES;
				IPHONEOS_DEPLOYMENT_TARGET = 17.2;
				MARKETING_VERSION = 1.0;
				PRODUCT_BUNDLE_IDENTIFIER = br.com.luizgadao.cinetopiaTests;
				PRODUCT_NAME = "$(TARGET_NAME)";
				SWIFT_EMIT_LOC_STRINGS = NO;
				SWIFT_VERSION = 5.0;
				TARGETED_DEVICE_FAMILY = "1,2";
				TEST_HOST = "$(BUILT_PRODUCTS_DIR)/cinetopia.app/$(BUNDLE_EXECUTABLE_FOLDER_PATH)/cinetopia";
			};
			name = Release;
		};
		498CC6D22B8603FB004AED03 /* Debug */ = {
			isa = XCBuildConfiguration;
			baseConfigurationReference = D9BF393865B6DA0E06B85052 /* Pods-cinetopia-cinetopiaUITests.debug.xcconfig */;
			buildSettings = {
				ALWAYS_EMBED_SWIFT_STANDARD_LIBRARIES = YES;
				CODE_SIGN_STYLE = Automatic;
				CURRENT_PROJECT_VERSION = 1;
				GENERATE_INFOPLIST_FILE = YES;
				MARKETING_VERSION = 1.0;
				PRODUCT_BUNDLE_IDENTIFIER = br.com.luizgadao.cinetopiaUITests;
				PRODUCT_NAME = "$(TARGET_NAME)";
				SWIFT_EMIT_LOC_STRINGS = NO;
				SWIFT_VERSION = 5.0;
				TARGETED_DEVICE_FAMILY = "1,2";
				TEST_TARGET_NAME = cinetopia;
			};
			name = Debug;
		};
		498CC6D32B8603FB004AED03 /* Release */ = {
			isa = XCBuildConfiguration;
			baseConfigurationReference = 70886F145C5E43FA3E0CEAA5 /* Pods-cinetopia-cinetopiaUITests.release.xcconfig */;
			buildSettings = {
				ALWAYS_EMBED_SWIFT_STANDARD_LIBRARIES = YES;
				CODE_SIGN_STYLE = Automatic;
				CURRENT_PROJECT_VERSION = 1;
				GENERATE_INFOPLIST_FILE = YES;
				MARKETING_VERSION = 1.0;
				PRODUCT_BUNDLE_IDENTIFIER = br.com.luizgadao.cinetopiaUITests;
				PRODUCT_NAME = "$(TARGET_NAME)";
				SWIFT_EMIT_LOC_STRINGS = NO;
				SWIFT_VERSION = 5.0;
				TARGETED_DEVICE_FAMILY = "1,2";
				TEST_TARGET_NAME = cinetopia;
			};
			name = Release;
		};
/* End XCBuildConfiguration section */

/* Begin XCConfigurationList section */
		498CC69C2B8603FA004AED03 /* Build configuration list for PBXProject "cinetopia" */ = {
			isa = XCConfigurationList;
			buildConfigurations = (
				498CC6C92B8603FB004AED03 /* Debug */,
				498CC6CA2B8603FB004AED03 /* Release */,
			);
			defaultConfigurationIsVisible = 0;
			defaultConfigurationName = Release;
		};
		498CC6CB2B8603FB004AED03 /* Build configuration list for PBXNativeTarget "cinetopia" */ = {
			isa = XCConfigurationList;
			buildConfigurations = (
				498CC6CC2B8603FB004AED03 /* Debug */,
				498CC6CD2B8603FB004AED03 /* Release */,
			);
			defaultConfigurationIsVisible = 0;
			defaultConfigurationName = Release;
		};
		498CC6CE2B8603FB004AED03 /* Build configuration list for PBXNativeTarget "cinetopiaTests" */ = {
			isa = XCConfigurationList;
			buildConfigurations = (
				498CC6CF2B8603FB004AED03 /* Debug */,
				498CC6D02B8603FB004AED03 /* Release */,
			);
			defaultConfigurationIsVisible = 0;
			defaultConfigurationName = Release;
		};
		498CC6D12B8603FB004AED03 /* Build configuration list for PBXNativeTarget "cinetopiaUITests" */ = {
			isa = XCConfigurationList;
			buildConfigurations = (
				498CC6D22B8603FB004AED03 /* Debug */,
				498CC6D32B8603FB004AED03 /* Release */,
			);
			defaultConfigurationIsVisible = 0;
			defaultConfigurationName = Release;
		};
/* End XCConfigurationList section */
	};
	rootObject = 498CC6992B8603FA004AED03 /* Project object */;
}
